
Microsoft Visual Studio Solution File, Format Version 12.00
# Visual Studio 15
VisualStudioVersion = 15.0.28307.572
MinimumVisualStudioVersion = 10.0.40219.1
Project("{FAE04EC0-301F-11D3-BF4B-00C04F79EFBC}") = "WSILIB", "WSILIB\WSILIB.csproj", "{C911C423-1060-4784-B186-7EDA962E7292}"
EndProject
Global
	GlobalSection(SolutionConfigurationPlatforms) = preSolution
		Debug|Any CPU = Debug|Any CPU
		Release|Any CPU = Release|Any CPU
	EndGlobalSection
	GlobalSection(ProjectConfigurationPlatforms) = postSolution
		{C911C423-1060-4784-B186-7EDA962E7292}.Debug|Any CPU.ActiveCfg = Debug|Any CPU
		{C911C423-1060-4784-B186-7EDA962E7292}.Debug|Any CPU.Build.0 = Debug|Any CPU
		{C911C423-1060-4784-B186-7EDA962E7292}.Release|Any CPU.ActiveCfg = Release|Any CPU
		{C911C423-1060-4784-B186-7EDA962E7292}.Release|Any CPU.Build.0 = Release|Any CPU
	EndGlobalSection
	GlobalSection(SolutionProperties) = preSolution
		HideSolutionNode = FALSE
	EndGlobalSection
	GlobalSection(ExtensibilityGlobals) = postSolution
		SolutionGuid = {C7BCC92D-86EC-43B6-AFD4-B209E22D2124}
	EndGlobalSection
EndGlobal
